
Microsoft Visual Studio Solution File, Format Version 12.00
# Visual Studio Version 17
VisualStudioVersion = 17.4.33213.308
MinimumVisualStudioVersion = 10.0.40219.1
Project("{FAE04EC0-301F-11D3-BF4B-00C04F79EFBC}") = "Week13-SQLLiteDB", "Week13-SQLLiteDB\Week13-SQLLiteDB.csproj", "{1126F7C9-D7AC-468B-973D-549EF34C2A02}"
EndProject
Global
	GlobalSection(SolutionConfigurationPlatforms) = preSolution
		Debug|Any CPU = Debug|Any CPU
		Release|Any CPU = Release|Any CPU
	EndGlobalSection
	GlobalSection(ProjectConfigurationPlatforms) = postSolution
		{1126F7C9-D7AC-468B-973D-549EF34C2A02}.Debug|Any CPU.ActiveCfg = Debug|Any CPU
		{1126F7C9-D7AC-468B-973D-549EF34C2A02}.Debug|Any CPU.Build.0 = Debug|Any CPU
		{1126F7C9-D7AC-468B-973D-549EF34C2A02}.Release|Any CPU.ActiveCfg = Release|Any CPU
		{1126F7C9-D7AC-468B-973D-549EF34C2A02}.Release|Any CPU.Build.0 = Release|Any CPU
	EndGlobalSection
	GlobalSection(SolutionProperties) = preSolution
		HideSolutionNode = FALSE
	EndGlobalSection
	GlobalSection(ExtensibilityGlobals) = postSolution
		SolutionGuid = {C26AE80C-6065-48D4-A416-4BA773BF2743}
	EndGlobalSection
EndGlobal
